
Microsoft Visual Studio Solution File, Format Version 12.00
# Visual Studio Version 16
VisualStudioVersion = 16.0.29926.136
MinimumVisualStudioVersion = 10.0.40219.1
Project("{FAE04EC0-301F-11D3-BF4B-00C04F79EFBC}") = "FitnessAppBL", "FitnessAppBL\FitnessAppBL.csproj", "{B7566A4C-A168-4EC3-AE1B-74270C9FCCAA}"
EndProject
Project("{FAE04EC0-301F-11D3-BF4B-00C04F79EFBC}") = "FitnessAppCMD", "FitnessAppCMD\FitnessAppCMD.csproj", "{F7F1106B-8E33-45B7-AF29-81474249C33D}"
EndProject
Global
	GlobalSection(SolutionConfigurationPlatforms) = preSolution
		Debug|Any CPU = Debug|Any CPU
		Release|Any CPU = Release|Any CPU
	EndGlobalSection
	GlobalSection(ProjectConfigurationPlatforms) = postSolution
		{B7566A4C-A168-4EC3-AE1B-74270C9FCCAA}.Debug|Any CPU.ActiveCfg = Debug|Any CPU
		{B7566A4C-A168-4EC3-AE1B-74270C9FCCAA}.Debug|Any CPU.Build.0 = Debug|Any CPU
		{B7566A4C-A168-4EC3-AE1B-74270C9FCCAA}.Release|Any CPU.ActiveCfg = Release|Any CPU
		{B7566A4C-A168-4EC3-AE1B-74270C9FCCAA}.Release|Any CPU.Build.0 = Release|Any CPU
		{F7F1106B-8E33-45B7-AF29-81474249C33D}.Debug|Any CPU.ActiveCfg = Debug|Any CPU
		{F7F1106B-8E33-45B7-AF29-81474249C33D}.Debug|Any CPU.Build.0 = Debug|Any CPU
		{F7F1106B-8E33-45B7-AF29-81474249C33D}.Release|Any CPU.ActiveCfg = Release|Any CPU
		{F7F1106B-8E33-45B7-AF29-81474249C33D}.Release|Any CPU.Build.0 = Release|Any CPU
	EndGlobalSection
	GlobalSection(SolutionProperties) = preSolution
		HideSolutionNode = FALSE
	EndGlobalSection
	GlobalSection(ExtensibilityGlobals) = postSolution
		SolutionGuid = {0A6D46EE-3B64-4E15-97C6-2DFB770371E1}
	EndGlobalSection
EndGlobal
